
Microsoft Visual Studio Solution File, Format Version 12.00
# Visual Studio 14
VisualStudioVersion = 14.0.23107.0
MinimumVisualStudioVersion = 10.0.40219.1
Project("{FAE04EC0-301F-11D3-BF4B-00C04F79EFBC}") = "JsonRpc.ServiceModel", "JsonRpc.ServiceModel\JsonRpc.ServiceModel.csproj", "{C3680C67-3C4D-4B95-AFAE-2595BF762027}"
EndProject
Project("{FAE04EC0-301F-11D3-BF4B-00C04F79EFBC}") = "JsonRpc.Example", "JsonRpc.Example\JsonRpc.Example.csproj", "{94811A90-341E-4CA4-9F87-DAB3C2A4C5C0}"
EndProject
Global
	GlobalSection(SolutionConfigurationPlatforms) = preSolution
		Debug|Any CPU = Debug|Any CPU
		Release|Any CPU = Release|Any CPU
	EndGlobalSection
	GlobalSection(ProjectConfigurationPlatforms) = postSolution
		{C3680C67-3C4D-4B95-AFAE-2595BF762027}.Debug|Any CPU.ActiveCfg = Debug|Any CPU
		{C3680C67-3C4D-4B95-AFAE-2595BF762027}.Debug|Any CPU.Build.0 = Debug|Any CPU
		{C3680C67-3C4D-4B95-AFAE-2595BF762027}.Release|Any CPU.ActiveCfg = Release|Any CPU
		{C3680C67-3C4D-4B95-AFAE-2595BF762027}.Release|Any CPU.Build.0 = Release|Any CPU
		{94811A90-341E-4CA4-9F87-DAB3C2A4C5C0}.Debug|Any CPU.ActiveCfg = Debug|Any CPU
		{94811A90-341E-4CA4-9F87-DAB3C2A4C5C0}.Debug|Any CPU.Build.0 = Debug|Any CPU
		{94811A90-341E-4CA4-9F87-DAB3C2A4C5C0}.Release|Any CPU.ActiveCfg = Release|Any CPU
		{94811A90-341E-4CA4-9F87-DAB3C2A4C5C0}.Release|Any CPU.Build.0 = Release|Any CPU
	EndGlobalSection
	GlobalSection(SolutionProperties) = preSolution
		HideSolutionNode = FALSE
	EndGlobalSection
EndGlobal
